
Microsoft Visual Studio Solution File, Format Version 12.00
# Visual Studio Version 16
VisualStudioVersion = 16.0.30621.155
MinimumVisualStudioVersion = 15.0.26124.0
Project("{2150E333-8FDC-42A3-9474-1A3956D46DE8}") = "RVO.Services.Offices", "RVO.Services.Offices", "{6008431F-4E98-4276-8CAD-1D83E91A1E2D}"
EndProject
Project("{2150E333-8FDC-42A3-9474-1A3956D46DE8}") = "src", "src", "{7E5B02D3-27EE-4F85-B28E-A4FF9DA77DD6}"
EndProject
Project("{2150E333-8FDC-42A3-9474-1A3956D46DE8}") = "tests", "tests", "{83D2EDB5-2A09-4C2B-96CB-4D71FD31C031}"
EndProject
Project("{2150E333-8FDC-42A3-9474-1A3956D46DE8}") = "RVO.Services.Employees", "RVO.Services.Employees", "{C4EEFD1B-D525-4C20-8743-6E584A772CC1}"
EndProject
Project("{2150E333-8FDC-42A3-9474-1A3956D46DE8}") = "src", "src", "{B531DDFB-C6E5-409E-8C7C-4BD4FA7B17EE}"
EndProject
Project("{2150E333-8FDC-42A3-9474-1A3956D46DE8}") = "tests", "tests", "{939518B6-19DF-4BA6-B72F-C49774CDA8F5}"
EndProject
Project("{2150E333-8FDC-42A3-9474-1A3956D46DE8}") = "RVO.Services.Appointments", "RVO.Services.Appointments", "{A698A257-D4F6-4DB7-AF0E-0A93FF64641F}"
EndProject
Project("{2150E333-8FDC-42A3-9474-1A3956D46DE8}") = "src", "src", "{A9B6AEA1-7B5A-4E99-A5C5-86CBA3E35C96}"
EndProject
Project("{2150E333-8FDC-42A3-9474-1A3956D46DE8}") = "tests", "tests", "{68C3D6B2-AF8C-4877-AEBB-9E3B27A478A0}"
EndProject
Project("{2150E333-8FDC-42A3-9474-1A3956D46DE8}") = "RVO.services.Clients", "RVO.services.Clients", "{0774A705-AB39-43CC-BCC2-31D613791776}"
EndProject
Project("{2150E333-8FDC-42A3-9474-1A3956D46DE8}") = "src", "src", "{C5C8DE60-13AB-4D50-A0EA-025685D09207}"
EndProject
Project("{2150E333-8FDC-42A3-9474-1A3956D46DE8}") = "tests", "tests", "{63FE2B3D-6119-4668-9C96-2F1DDCE22A14}"
EndProject
Project("{9A19103F-16F7-4668-BE54-9A1E7A4F7556}") = "RVO.Services.Clients.Api", "RVO.Services.Clients\src\RVO.Services.Clients.Api\RVO.Services.Clients.Api.csproj", "{40C9D563-A1EF-4AD1-B189-1AD289DEA59D}"
EndProject
Project("{9A19103F-16F7-4668-BE54-9A1E7A4F7556}") = "RVO.Services.Clients.Application", "RVO.Services.Clients\src\RVO.Services.Clients.Application\RVO.Services.Clients.Application.csproj", "{11EFD49C-38D1-4E2D-BEB5-F2D0D9D56E79}"
EndProject
Project("{9A19103F-16F7-4668-BE54-9A1E7A4F7556}") = "RVO.Services.Clients.Core", "RVO.Services.Clients\src\RVO.Services.Clients.Core\RVO.Services.Clients.Core.csproj", "{BD7C64FC-A23E-4F02-BC42-9034CD3BCE54}"
EndProject
Project("{9A19103F-16F7-4668-BE54-9A1E7A4F7556}") = "RVO.Services.Clients.Infrastructure", "RVO.Services.Clients\src\RVO.Services.Clients.Infrastructure\RVO.Services.Clients.Infrastructure.csproj", "{4E8DFBD4-36DE-462B-BA7F-028B51F456DD}"
EndProject
Project("{9A19103F-16F7-4668-BE54-9A1E7A4F7556}") = "RVO.Services.Appointments.Api", "RVO.Services.Appointments\src\RVO.Services.Appointments.Api\RVO.Services.Appointments.Api.csproj", "{6C6DB8ED-76A3-4EBC-94AD-387E9047D246}"
EndProject
Project("{9A19103F-16F7-4668-BE54-9A1E7A4F7556}") = "RVO.Services.Appointments.Application", "RVO.Services.Appointments\src\RVO.Services.Appointments.Application\RVO.Services.Appointments.Application.csproj", "{91CF08B3-C90C-47FF-ADAC-E779FA2072DE}"
EndProject
Project("{9A19103F-16F7-4668-BE54-9A1E7A4F7556}") = "RVO.Services.Appointments.Core", "RVO.Services.Appointments\src\RVO.Services.Appointments.Core\RVO.Services.Appointments.Core.csproj", "{6D883FE1-0649-4375-988B-E2FE27008097}"
EndProject
Project("{9A19103F-16F7-4668-BE54-9A1E7A4F7556}") = "RVO.Services.Appointments.Infrastructure", "RVO.Services.Appointments\src\RVO.Services.Appointments.Infrastructure\RVO.Services.Appointments.Infrastructure.csproj", "{052E0FD4-C5ED-4991-9878-35A7F6EA3ACF}"
EndProject
Project("{9A19103F-16F7-4668-BE54-9A1E7A4F7556}") = "RVO.Services.Employees.Api", "RVO.Services.Employees\src\RVO.Services.Employees.Api\RVO.Services.Employees.Api.csproj", "{5996ADDE-9424-4F93-8ADC-C8650F308B29}"
EndProject
Project("{9A19103F-16F7-4668-BE54-9A1E7A4F7556}") = "RVO.Services.Employees.Application", "RVO.Services.Employees\src\RVO.Services.Employees.Application\RVO.Services.Employees.Application.csproj", "{257F2455-35D1-41AC-A830-8C8F07B273B7}"
EndProject
Project("{9A19103F-16F7-4668-BE54-9A1E7A4F7556}") = "RVO.Services.Employees.Core", "RVO.Services.Employees\src\RVO.Services.Employees.Core\RVO.Services.Employees.Core.csproj", "{0D2A5CD6-DD2E-468F-9A81-98150150FA4C}"
EndProject
Project("{9A19103F-16F7-4668-BE54-9A1E7A4F7556}") = "RVO.Services.Employees.Infrastructure", "RVO.Services.Employees\src\RVO.Services.Employees.Infrastructure\RVO.Services.Employees.Infrastructure.csproj", "{93669FE1-D524-4730-B003-6499431C0B24}"
EndProject
Project("{9A19103F-16F7-4668-BE54-9A1E7A4F7556}") = "RVO.Services.Offices.Api", "RVO.Services.Offices\src\RVO.Services.Offices.Api\RVO.Services.Offices.Api.csproj", "{616F36AF-8517-483C-89A8-E1B8426DAD42}"
EndProject
Project("{9A19103F-16F7-4668-BE54-9A1E7A4F7556}") = "RVO.Services.Offices.Application", "RVO.Services.Offices\src\RVO.Services.Offices.Application\RVO.Services.Offices.Application.csproj", "{73019302-A34D-4E20-B975-0DD73817B79E}"
EndProject
Project("{9A19103F-16F7-4668-BE54-9A1E7A4F7556}") = "RVO.Services.Offices.Core", "RVO.Services.Offices\src\RVO.Services.Offices.Core\RVO.Services.Offices.Core.csproj", "{ECCBAA27-D455-4D52-8AAC-EBFBEEA889D0}"
EndProject
Project("{9A19103F-16F7-4668-BE54-9A1E7A4F7556}") = "RVO.Services.Offices.Infrastructure", "RVO.Services.Offices\src\RVO.Services.Offices.Infrastructure\RVO.Services.Offices.Infrastructure.csproj", "{82FA5D48-1491-4541-A949-A5B8F193580A}"
EndProject
Global
	GlobalSection(SolutionConfigurationPlatforms) = preSolution
		Debug|Any CPU = Debug|Any CPU
		Debug|x64 = Debug|x64
		Debug|x86 = Debug|x86
		Release|Any CPU = Release|Any CPU
		Release|x64 = Release|x64
		Release|x86 = Release|x86
	EndGlobalSection
	GlobalSection(ProjectConfigurationPlatforms) = postSolution
		{40C9D563-A1EF-4AD1-B189-1AD289DEA59D}.Debug|Any CPU.ActiveCfg = Debug|Any CPU
		{40C9D563-A1EF-4AD1-B189-1AD289DEA59D}.Debug|Any CPU.Build.0 = Debug|Any CPU
		{40C9D563-A1EF-4AD1-B189-1AD289DEA59D}.Debug|x64.ActiveCfg = Debug|Any CPU
		{40C9D563-A1EF-4AD1-B189-1AD289DEA59D}.Debug|x64.Build.0 = Debug|Any CPU
		{40C9D563-A1EF-4AD1-B189-1AD289DEA59D}.Debug|x86.ActiveCfg = Debug|Any CPU
		{40C9D563-A1EF-4AD1-B189-1AD289DEA59D}.Debug|x86.Build.0 = Debug|Any CPU
		{40C9D563-A1EF-4AD1-B189-1AD289DEA59D}.Release|Any CPU.ActiveCfg = Release|Any CPU
		{40C9D563-A1EF-4AD1-B189-1AD289DEA59D}.Release|Any CPU.Build.0 = Release|Any CPU
		{40C9D563-A1EF-4AD1-B189-1AD289DEA59D}.Release|x64.ActiveCfg = Release|Any CPU
		{40C9D563-A1EF-4AD1-B189-1AD289DEA59D}.Release|x64.Build.0 = Release|Any CPU
		{40C9D563-A1EF-4AD1-B189-1AD289DEA59D}.Release|x86.ActiveCfg = Release|Any CPU
		{40C9D563-A1EF-4AD1-B189-1AD289DEA59D}.Release|x86.Build.0 = Release|Any CPU
		{11EFD49C-38D1-4E2D-BEB5-F2D0D9D56E79}.Debug|Any CPU.ActiveCfg = Debug|Any CPU
		{11EFD49C-38D1-4E2D-BEB5-F2D0D9D56E79}.Debug|Any CPU.Build.0 = Debug|Any CPU
		{11EFD49C-38D1-4E2D-BEB5-F2D0D9D56E79}.Debug|x64.ActiveCfg = Debug|Any CPU
		{11EFD49C-38D1-4E2D-BEB5-F2D0D9D56E79}.Debug|x64.Build.0 = Debug|Any CPU
		{11EFD49C-38D1-4E2D-BEB5-F2D0D9D56E79}.Debug|x86.ActiveCfg = Debug|Any CPU
		{11EFD49C-38D1-4E2D-BEB5-F2D0D9D56E79}.Debug|x86.Build.0 = Debug|Any CPU
		{11EFD49C-38D1-4E2D-BEB5-F2D0D9D56E79}.Release|Any CPU.ActiveCfg = Release|Any CPU
		{11EFD49C-38D1-4E2D-BEB5-F2D0D9D56E79}.Release|Any CPU.Build.0 = Release|Any CPU
		{11EFD49C-38D1-4E2D-BEB5-F2D0D9D56E79}.Release|x64.ActiveCfg = Release|Any CPU
		{11EFD49C-38D1-4E2D-BEB5-F2D0D9D56E79}.Release|x64.Build.0 = Release|Any CPU
		{11EFD49C-38D1-4E2D-BEB5-F2D0D9D56E79}.Release|x86.ActiveCfg = Release|Any CPU
		{11EFD49C-38D1-4E2D-BEB5-F2D0D9D56E79}.Release|x86.Build.0 = Release|Any CPU
		{BD7C64FC-A23E-4F02-BC42-9034CD3BCE54}.Debug|Any CPU.ActiveCfg = Debug|Any CPU
		{BD7C64FC-A23E-4F02-BC42-9034CD3BCE54}.Debug|Any CPU.Build.0 = Debug|Any CPU
		{BD7C64FC-A23E-4F02-BC42-9034CD3BCE54}.Debug|x64.ActiveCfg = Debug|Any CPU
		{BD7C64FC-A23E-4F02-BC42-9034CD3BCE54}.Debug|x64.Build.0 = Debug|Any CPU
		{BD7C64FC-A23E-4F02-BC42-9034CD3BCE54}.Debug|x86.ActiveCfg = Debug|Any CPU
		{BD7C64FC-A23E-4F02-BC42-9034CD3BCE54}.Debug|x86.Build.0 = Debug|Any CPU
		{BD7C64FC-A23E-4F02-BC42-9034CD3BCE54}.Release|Any CPU.ActiveCfg = Release|Any CPU
		{BD7C64FC-A23E-4F02-BC42-9034CD3BCE54}.Release|Any CPU.Build.0 = Release|Any CPU
		{BD7C64FC-A23E-4F02-BC42-9034CD3BCE54}.Release|x64.ActiveCfg = Release|Any CPU
		{BD7C64FC-A23E-4F02-BC42-9034CD3BCE54}.Release|x64.Build.0 = Release|Any CPU
		{BD7C64FC-A23E-4F02-BC42-9034CD3BCE54}.Release|x86.ActiveCfg = Release|Any CPU
		{BD7C64FC-A23E-4F02-BC42-9034CD3BCE54}.Release|x86.Build.0 = Release|Any CPU
		{4E8DFBD4-36DE-462B-BA7F-028B51F456DD}.Debug|Any CPU.ActiveCfg = Debug|Any CPU
		{4E8DFBD4-36DE-462B-BA7F-028B51F456DD}.Debug|Any CPU.Build.0 = Debug|Any CPU
		{4E8DFBD4-36DE-462B-BA7F-028B51F456DD}.Debug|x64.ActiveCfg = Debug|Any CPU
		{4E8DFBD4-36DE-462B-BA7F-028B51F456DD}.Debug|x64.Build.0 = Debug|Any CPU
		{4E8DFBD4-36DE-462B-BA7F-028B51F456DD}.Debug|x86.ActiveCfg = Debug|Any CPU
		{4E8DFBD4-36DE-462B-BA7F-028B51F456DD}.Debug|x86.Build.0 = Debug|Any CPU
		{4E8DFBD4-36DE-462B-BA7F-028B51F456DD}.Release|Any CPU.ActiveCfg = Release|Any CPU
		{4E8DFBD4-36DE-462B-BA7F-028B51F456DD}.Release|Any CPU.Build.0 = Release|Any CPU
		{4E8DFBD4-36DE-462B-BA7F-028B51F456DD}.Release|x64.ActiveCfg = Release|Any CPU
		{4E8DFBD4-36DE-462B-BA7F-028B51F456DD}.Release|x64.Build.0 = Release|Any CPU
		{4E8DFBD4-36DE-462B-BA7F-028B51F456DD}.Release|x86.ActiveCfg = Release|Any CPU
		{4E8DFBD4-36DE-462B-BA7F-028B51F456DD}.Release|x86.Build.0 = Release|Any CPU
		{6C6DB8ED-76A3-4EBC-94AD-387E9047D246}.Debug|Any CPU.ActiveCfg = Debug|Any CPU
		{6C6DB8ED-76A3-4EBC-94AD-387E9047D246}.Debug|Any CPU.Build.0 = Debug|Any CPU
		{6C6DB8ED-76A3-4EBC-94AD-387E9047D246}.Debug|x64.ActiveCfg = Debug|Any CPU
		{6C6DB8ED-76A3-4EBC-94AD-387E9047D246}.Debug|x64.Build.0 = Debug|Any CPU
		{6C6DB8ED-76A3-4EBC-94AD-387E9047D246}.Debug|x86.ActiveCfg = Debug|Any CPU
		{6C6DB8ED-76A3-4EBC-94AD-387E9047D246}.Debug|x86.Build.0 = Debug|Any CPU
		{6C6DB8ED-76A3-4EBC-94AD-387E9047D246}.Release|Any CPU.ActiveCfg = Release|Any CPU
		{6C6DB8ED-76A3-4EBC-94AD-387E9047D246}.Release|Any CPU.Build.0 = Release|Any CPU
		{6C6DB8ED-76A3-4EBC-94AD-387E9047D246}.Release|x64.ActiveCfg = Release|Any CPU
		{6C6DB8ED-76A3-4EBC-94AD-387E9047D246}.Release|x64.Build.0 = Release|Any CPU
		{6C6DB8ED-76A3-4EBC-94AD-387E9047D246}.Release|x86.ActiveCfg = Release|Any CPU
		{6C6DB8ED-76A3-4EBC-94AD-387E9047D246}.Release|x86.Build.0 = Release|Any CPU
		{91CF08B3-C90C-47FF-ADAC-E779FA2072DE}.Debug|Any CPU.ActiveCfg = Debug|Any CPU
		{91CF08B3-C90C-47FF-ADAC-E779FA2072DE}.Debug|Any CPU.Build.0 = Debug|Any CPU
		{91CF08B3-C90C-47FF-ADAC-E779FA2072DE}.Debug|x64.ActiveCfg = Debug|Any CPU
		{91CF08B3-C90C-47FF-ADAC-E779FA2072DE}.Debug|x64.Build.0 = Debug|Any CPU
		{91CF08B3-C90C-47FF-ADAC-E779FA2072DE}.Debug|x86.ActiveCfg = Debug|Any CPU
		{91CF08B3-C90C-47FF-ADAC-E779FA2072DE}.Debug|x86.Build.0 = Debug|Any CPU
		{91CF08B3-C90C-47FF-ADAC-E779FA2072DE}.Release|Any CPU.ActiveCfg = Release|Any CPU
		{91CF08B3-C90C-47FF-ADAC-E779FA2072DE}.Release|Any CPU.Build.0 = Release|Any CPU
		{91CF08B3-C90C-47FF-ADAC-E779FA2072DE}.Release|x64.ActiveCfg = Release|Any CPU
		{91CF08B3-C90C-47FF-ADAC-E779FA2072DE}.Release|x64.Build.0 = Release|Any CPU
		{91CF08B3-C90C-47FF-ADAC-E779FA2072DE}.Release|x86.ActiveCfg = Release|Any CPU
		{91CF08B3-C90C-47FF-ADAC-E779FA2072DE}.Release|x86.Build.0 = Release|Any CPU
		{6D883FE1-0649-4375-988B-E2FE27008097}.Debug|Any CPU.ActiveCfg = Debug|Any CPU
		{6D883FE1-0649-4375-988B-E2FE27008097}.Debug|Any CPU.Build.0 = Debug|Any CPU
		{6D883FE1-0649-4375-988B-E2FE27008097}.Debug|x64.ActiveCfg = Debug|Any CPU
		{6D883FE1-0649-4375-988B-E2FE27008097}.Debug|x64.Build.0 = Debug|Any CPU
		{6D883FE1-0649-4375-988B-E2FE27008097}.Debug|x86.ActiveCfg = Debug|Any CPU
		{6D883FE1-0649-4375-988B-E2FE27008097}.Debug|x86.Build.0 = Debug|Any CPU
		{6D883FE1-0649-4375-988B-E2FE27008097}.Release|Any CPU.ActiveCfg = Release|Any CPU
		{6D883FE1-0649-4375-988B-E2FE27008097}.Release|Any CPU.Build.0 = Release|Any CPU
		{6D883FE1-0649-4375-988B-E2FE27008097}.Release|x64.ActiveCfg = Release|Any CPU
		{6D883FE1-0649-4375-988B-E2FE27008097}.Release|x64.Build.0 = Release|Any CPU
		{6D883FE1-0649-4375-988B-E2FE27008097}.Release|x86.ActiveCfg = Release|Any CPU
		{6D883FE1-0649-4375-988B-E2FE27008097}.Release|x86.Build.0 = Release|Any CPU
		{052E0FD4-C5ED-4991-9878-35A7F6EA3ACF}.Debug|Any CPU.ActiveCfg = Debug|Any CPU
		{052E0FD4-C5ED-4991-9878-35A7F6EA3ACF}.Debug|Any CPU.Build.0 = Debug|Any CPU
		{052E0FD4-C5ED-4991-9878-35A7F6EA3ACF}.Debug|x64.ActiveCfg = Debug|Any CPU
		{052E0FD4-C5ED-4991-9878-35A7F6EA3ACF}.Debug|x64.Build.0 = Debug|Any CPU
		{052E0FD4-C5ED-4991-9878-35A7F6EA3ACF}.Debug|x86.ActiveCfg = Debug|Any CPU
		{052E0FD4-C5ED-4991-9878-35A7F6EA3ACF}.Debug|x86.Build.0 = Debug|Any CPU
		{052E0FD4-C5ED-4991-9878-35A7F6EA3ACF}.Release|Any CPU.ActiveCfg = Release|Any CPU
		{052E0FD4-C5ED-4991-9878-35A7F6EA3ACF}.Release|Any CPU.Build.0 = Release|Any CPU
		{052E0FD4-C5ED-4991-9878-35A7F6EA3ACF}.Release|x64.ActiveCfg = Release|Any CPU
		{052E0FD4-C5ED-4991-9878-35A7F6EA3ACF}.Release|x64.Build.0 = Release|Any CPU
		{052E0FD4-C5ED-4991-9878-35A7F6EA3ACF}.Release|x86.ActiveCfg = Release|Any CPU
		{052E0FD4-C5ED-4991-9878-35A7F6EA3ACF}.Release|x86.Build.0 = Release|Any CPU
		{5996ADDE-9424-4F93-8ADC-C8650F308B29}.Debug|Any CPU.ActiveCfg = Debug|Any CPU
		{5996ADDE-9424-4F93-8ADC-C8650F308B29}.Debug|Any CPU.Build.0 = Debug|Any CPU
		{5996ADDE-9424-4F93-8ADC-C8650F308B29}.Debug|x64.ActiveCfg = Debug|Any CPU
		{5996ADDE-9424-4F93-8ADC-C8650F308B29}.Debug|x64.Build.0 = Debug|Any CPU
		{5996ADDE-9424-4F93-8ADC-C8650F308B29}.Debug|x86.ActiveCfg = Debug|Any CPU
		{5996ADDE-9424-4F93-8ADC-C8650F308B29}.Debug|x86.Build.0 = Debug|Any CPU
		{5996ADDE-9424-4F93-8ADC-C8650F308B29}.Release|Any CPU.ActiveCfg = Release|Any CPU
		{5996ADDE-9424-4F93-8ADC-C8650F308B29}.Release|Any CPU.Build.0 = Release|Any CPU
		{5996ADDE-9424-4F93-8ADC-C8650F308B29}.Release|x64.ActiveCfg = Release|Any CPU
		{5996ADDE-9424-4F93-8ADC-C8650F308B29}.Release|x64.Build.0 = Release|Any CPU
		{5996ADDE-9424-4F93-8ADC-C8650F308B29}.Release|x86.ActiveCfg = Release|Any CPU
		{5996ADDE-9424-4F93-8ADC-C8650F308B29}.Release|x86.Build.0 = Release|Any CPU
		{257F2455-35D1-41AC-A830-8C8F07B273B7}.Debug|Any CPU.ActiveCfg = Debug|Any CPU
		{257F2455-35D1-41AC-A830-8C8F07B273B7}.Debug|Any CPU.Build.0 = Debug|Any CPU
		{257F2455-35D1-41AC-A830-8C8F07B273B7}.Debug|x64.ActiveCfg = Debug|Any CPU
		{257F2455-35D1-41AC-A830-8C8F07B273B7}.Debug|x64.Build.0 = Debug|Any CPU
		{257F2455-35D1-41AC-A830-8C8F07B273B7}.Debug|x86.ActiveCfg = Debug|Any CPU
		{257F2455-35D1-41AC-A830-8C8F07B273B7}.Debug|x86.Build.0 = Debug|Any CPU
		{257F2455-35D1-41AC-A830-8C8F07B273B7}.Release|Any CPU.ActiveCfg = Release|Any CPU
		{257F2455-35D1-41AC-A830-8C8F07B273B7}.Release|Any CPU.Build.0 = Release|Any CPU
		{257F2455-35D1-41AC-A830-8C8F07B273B7}.Release|x64.ActiveCfg = Release|Any CPU
		{257F2455-35D1-41AC-A830-8C8F07B273B7}.Release|x64.Build.0 = Release|Any CPU
		{257F2455-35D1-41AC-A830-8C8F07B273B7}.Release|x86.ActiveCfg = Release|Any CPU
		{257F2455-35D1-41AC-A830-8C8F07B273B7}.Release|x86.Build.0 = Release|Any CPU
		{0D2A5CD6-DD2E-468F-9A81-98150150FA4C}.Debug|Any CPU.ActiveCfg = Debug|Any CPU
		{0D2A5CD6-DD2E-468F-9A81-98150150FA4C}.Debug|Any CPU.Build.0 = Debug|Any CPU
		{0D2A5CD6-DD2E-468F-9A81-98150150FA4C}.Debug|x64.ActiveCfg = Debug|Any CPU
		{0D2A5CD6-DD2E-468F-9A81-98150150FA4C}.Debug|x64.Build.0 = Debug|Any CPU
		{0D2A5CD6-DD2E-468F-9A81-98150150FA4C}.Debug|x86.ActiveCfg = Debug|Any CPU
		{0D2A5CD6-DD2E-468F-9A81-98150150FA4C}.Debug|x86.Build.0 = Debug|Any CPU
		{0D2A5CD6-DD2E-468F-9A81-98150150FA4C}.Release|Any CPU.ActiveCfg = Release|Any CPU
		{0D2A5CD6-DD2E-468F-9A81-98150150FA4C}.Release|Any CPU.Build.0 = Release|Any CPU
		{0D2A5CD6-DD2E-468F-9A81-98150150FA4C}.Release|x64.ActiveCfg = Release|Any CPU
		{0D2A5CD6-DD2E-468F-9A81-98150150FA4C}.Release|x64.Build.0 = Release|Any CPU
		{0D2A5CD6-DD2E-468F-9A81-98150150FA4C}.Release|x86.ActiveCfg = Release|Any CPU
		{0D2A5CD6-DD2E-468F-9A81-98150150FA4C}.Release|x86.Build.0 = Release|Any CPU
		{93669FE1-D524-4730-B003-6499431C0B24}.Debug|Any CPU.ActiveCfg = Debug|Any CPU
		{93669FE1-D524-4730-B003-6499431C0B24}.Debug|Any CPU.Build.0 = Debug|Any CPU
		{93669FE1-D524-4730-B003-6499431C0B24}.Debug|x64.ActiveCfg = Debug|Any CPU
		{93669FE1-D524-4730-B003-6499431C0B24}.Debug|x64.Build.0 = Debug|Any CPU
		{93669FE1-D524-4730-B003-6499431C0B24}.Debug|x86.ActiveCfg = Debug|Any CPU
		{93669FE1-D524-4730-B003-6499431C0B24}.Debug|x86.Build.0 = Debug|Any CPU
		{93669FE1-D524-4730-B003-6499431C0B24}.Release|Any CPU.ActiveCfg = Release|Any CPU
		{93669FE1-D524-4730-B003-6499431C0B24}.Release|Any CPU.Build.0 = Release|Any CPU
		{93669FE1-D524-4730-B003-6499431C0B24}.Release|x64.ActiveCfg = Release|Any CPU
		{93669FE1-D524-4730-B003-6499431C0B24}.Release|x64.Build.0 = Release|Any CPU
		{93669FE1-D524-4730-B003-6499431C0B24}.Release|x86.ActiveCfg = Release|Any CPU
		{93669FE1-D524-4730-B003-6499431C0B24}.Release|x86.Build.0 = Release|Any CPU
		{616F36AF-8517-483C-89A8-E1B8426DAD42}.Debug|Any CPU.ActiveCfg = Debug|Any CPU
		{616F36AF-8517-483C-89A8-E1B8426DAD42}.Debug|Any CPU.Build.0 = Debug|Any CPU
		{616F36AF-8517-483C-89A8-E1B8426DAD42}.Debug|x64.ActiveCfg = Debug|Any CPU
		{616F36AF-8517-483C-89A8-E1B8426DAD42}.Debug|x64.Build.0 = Debug|Any CPU
		{616F36AF-8517-483C-89A8-E1B8426DAD42}.Debug|x86.ActiveCfg = Debug|Any CPU
		{616F36AF-8517-483C-89A8-E1B8426DAD42}.Debug|x86.Build.0 = Debug|Any CPU
		{616F36AF-8517-483C-89A8-E1B8426DAD42}.Release|Any CPU.ActiveCfg = Release|Any CPU
		{616F36AF-8517-483C-89A8-E1B8426DAD42}.Release|Any CPU.Build.0 = Release|Any CPU
		{616F36AF-8517-483C-89A8-E1B8426DAD42}.Release|x64.ActiveCfg = Release|Any CPU
		{616F36AF-8517-483C-89A8-E1B8426DAD42}.Release|x64.Build.0 = Release|Any CPU
		{616F36AF-8517-483C-89A8-E1B8426DAD42}.Release|x86.ActiveCfg = Release|Any CPU
		{616F36AF-8517-483C-89A8-E1B8426DAD42}.Release|x86.Build.0 = Release|Any CPU
		{73019302-A34D-4E20-B975-0DD73817B79E}.Debug|Any CPU.ActiveCfg = Debug|Any CPU
		{73019302-A34D-4E20-B975-0DD73817B79E}.Debug|Any CPU.Build.0 = Debug|Any CPU
		{73019302-A34D-4E20-B975-0DD73817B79E}.Debug|x64.ActiveCfg = Debug|Any CPU
		{73019302-A34D-4E20-B975-0DD73817B79E}.Debug|x64.Build.0 = Debug|Any CPU
		{73019302-A34D-4E20-B975-0DD73817B79E}.Debug|x86.ActiveCfg = Debug|Any CPU
		{73019302-A34D-4E20-B975-0DD73817B79E}.Debug|x86.Build.0 = Debug|Any CPU
		{73019302-A34D-4E20-B975-0DD73817B79E}.Release|Any CPU.ActiveCfg = Release|Any CPU
		{73019302-A34D-4E20-B975-0DD73817B79E}.Release|Any CPU.Build.0 = Release|Any CPU
		{73019302-A34D-4E20-B975-0DD73817B79E}.Release|x64.ActiveCfg = Release|Any CPU
		{73019302-A34D-4E20-B975-0DD73817B79E}.Release|x64.Build.0 = Release|Any CPU
		{73019302-A34D-4E20-B975-0DD73817B79E}.Release|x86.ActiveCfg = Release|Any CPU
		{73019302-A34D-4E20-B975-0DD73817B79E}.Release|x86.Build.0 = Release|Any CPU
		{ECCBAA27-D455-4D52-8AAC-EBFBEEA889D0}.Debug|Any CPU.ActiveCfg = Debug|Any CPU
		{ECCBAA27-D455-4D52-8AAC-EBFBEEA889D0}.Debug|Any CPU.Build.0 = Debug|Any CPU
		{ECCBAA27-D455-4D52-8AAC-EBFBEEA889D0}.Debug|x64.ActiveCfg = Debug|Any CPU
		{ECCBAA27-D455-4D52-8AAC-EBFBEEA889D0}.Debug|x64.Build.0 = Debug|Any CPU
		{ECCBAA27-D455-4D52-8AAC-EBFBEEA889D0}.Debug|x86.ActiveCfg = Debug|Any CPU
		{ECCBAA27-D455-4D52-8AAC-EBFBEEA889D0}.Debug|x86.Build.0 = Debug|Any CPU
		{ECCBAA27-D455-4D52-8AAC-EBFBEEA889D0}.Release|Any CPU.ActiveCfg = Release|Any CPU
		{ECCBAA27-D455-4D52-8AAC-EBFBEEA889D0}.Release|Any CPU.Build.0 = Release|Any CPU
		{ECCBAA27-D455-4D52-8AAC-EBFBEEA889D0}.Release|x64.ActiveCfg = Release|Any CPU
		{ECCBAA27-D455-4D52-8AAC-EBFBEEA889D0}.Release|x64.Build.0 = Release|Any CPU
		{ECCBAA27-D455-4D52-8AAC-EBFBEEA889D0}.Release|x86.ActiveCfg = Release|Any CPU
		{ECCBAA27-D455-4D52-8AAC-EBFBEEA889D0}.Release|x86.Build.0 = Release|Any CPU
		{82FA5D48-1491-4541-A949-A5B8F193580A}.Debug|Any CPU.ActiveCfg = Debug|Any CPU
		{82FA5D48-1491-4541-A949-A5B8F193580A}.Debug|Any CPU.Build.0 = Debug|Any CPU
		{82FA5D48-1491-4541-A949-A5B8F193580A}.Debug|x64.ActiveCfg = Debug|Any CPU
		{82FA5D48-1491-4541-A949-A5B8F193580A}.Debug|x64.Build.0 = Debug|Any CPU
		{82FA5D48-1491-4541-A949-A5B8F193580A}.Debug|x86.ActiveCfg = Debug|Any CPU
		{82FA5D48-1491-4541-A949-A5B8F193580A}.Debug|x86.Build.0 = Debug|Any CPU
		{82FA5D48-1491-4541-A949-A5B8F193580A}.Release|Any CPU.ActiveCfg = Release|Any CPU
		{82FA5D48-1491-4541-A949-A5B8F193580A}.Release|Any CPU.Build.0 = Release|Any CPU
		{82FA5D48-1491-4541-A949-A5B8F193580A}.Release|x64.ActiveCfg = Release|Any CPU
		{82FA5D48-1491-4541-A949-A5B8F193580A}.Release|x64.Build.0 = Release|Any CPU
		{82FA5D48-1491-4541-A949-A5B8F193580A}.Release|x86.ActiveCfg = Release|Any CPU
		{82FA5D48-1491-4541-A949-A5B8F193580A}.Release|x86.Build.0 = Release|Any CPU
	EndGlobalSection
	GlobalSection(SolutionProperties) = preSolution
		HideSolutionNode = FALSE
	EndGlobalSection
	GlobalSection(NestedProjects) = preSolution
		{7E5B02D3-27EE-4F85-B28E-A4FF9DA77DD6} = {6008431F-4E98-4276-8CAD-1D83E91A1E2D}
		{83D2EDB5-2A09-4C2B-96CB-4D71FD31C031} = {6008431F-4E98-4276-8CAD-1D83E91A1E2D}
		{B531DDFB-C6E5-409E-8C7C-4BD4FA7B17EE} = {C4EEFD1B-D525-4C20-8743-6E584A772CC1}
		{939518B6-19DF-4BA6-B72F-C49774CDA8F5} = {C4EEFD1B-D525-4C20-8743-6E584A772CC1}
		{A9B6AEA1-7B5A-4E99-A5C5-86CBA3E35C96} = {A698A257-D4F6-4DB7-AF0E-0A93FF64641F}
		{68C3D6B2-AF8C-4877-AEBB-9E3B27A478A0} = {A698A257-D4F6-4DB7-AF0E-0A93FF64641F}
		{C5C8DE60-13AB-4D50-A0EA-025685D09207} = {0774A705-AB39-43CC-BCC2-31D613791776}
		{63FE2B3D-6119-4668-9C96-2F1DDCE22A14} = {0774A705-AB39-43CC-BCC2-31D613791776}
		{40C9D563-A1EF-4AD1-B189-1AD289DEA59D} = {C5C8DE60-13AB-4D50-A0EA-025685D09207}
		{11EFD49C-38D1-4E2D-BEB5-F2D0D9D56E79} = {C5C8DE60-13AB-4D50-A0EA-025685D09207}
		{BD7C64FC-A23E-4F02-BC42-9034CD3BCE54} = {C5C8DE60-13AB-4D50-A0EA-025685D09207}
		{4E8DFBD4-36DE-462B-BA7F-028B51F456DD} = {C5C8DE60-13AB-4D50-A0EA-025685D09207}
		{6C6DB8ED-76A3-4EBC-94AD-387E9047D246} = {A9B6AEA1-7B5A-4E99-A5C5-86CBA3E35C96}
		{91CF08B3-C90C-47FF-ADAC-E779FA2072DE} = {A9B6AEA1-7B5A-4E99-A5C5-86CBA3E35C96}
		{6D883FE1-0649-4375-988B-E2FE27008097} = {A9B6AEA1-7B5A-4E99-A5C5-86CBA3E35C96}
		{052E0FD4-C5ED-4991-9878-35A7F6EA3ACF} = {A9B6AEA1-7B5A-4E99-A5C5-86CBA3E35C96}
		{5996ADDE-9424-4F93-8ADC-C8650F308B29} = {B531DDFB-C6E5-409E-8C7C-4BD4FA7B17EE}
		{257F2455-35D1-41AC-A830-8C8F07B273B7} = {B531DDFB-C6E5-409E-8C7C-4BD4FA7B17EE}
		{0D2A5CD6-DD2E-468F-9A81-98150150FA4C} = {B531DDFB-C6E5-409E-8C7C-4BD4FA7B17EE}
		{93669FE1-D524-4730-B003-6499431C0B24} = {B531DDFB-C6E5-409E-8C7C-4BD4FA7B17EE}
		{616F36AF-8517-483C-89A8-E1B8426DAD42} = {7E5B02D3-27EE-4F85-B28E-A4FF9DA77DD6}
		{73019302-A34D-4E20-B975-0DD73817B79E} = {7E5B02D3-27EE-4F85-B28E-A4FF9DA77DD6}
		{ECCBAA27-D455-4D52-8AAC-EBFBEEA889D0} = {7E5B02D3-27EE-4F85-B28E-A4FF9DA77DD6}
		{82FA5D48-1491-4541-A949-A5B8F193580A} = {7E5B02D3-27EE-4F85-B28E-A4FF9DA77DD6}
	EndGlobalSection
	GlobalSection(ExtensibilityGlobals) = postSolution
		SolutionGuid = {45AE968C-3FF0-44D4-A97C-9B57597D870D}
	EndGlobalSection
EndGlobal
